
Microsoft Visual Studio Solution File, Format Version 12.00
# Visual Studio Version 17
VisualStudioVersion = 17.10.35004.147
MinimumVisualStudioVersion = 10.0.40219.1
Project("{FAE04EC0-301F-11D3-BF4B-00C04F79EFBC}") = "DVLD", "DVLD.csproj", "{E06A9CF0-319D-410C-BEFF-488BB6D4FC8D}"
EndProject
Project("{FAE04EC0-301F-11D3-BF4B-00C04F79EFBC}") = "DVLD_Buisness", "..\DVLD_Buisness\DVLD_Buisness.csproj", "{087D349D-61FB-491B-99C3-741E953D811E}"
EndProject
Project("{FAE04EC0-301F-11D3-BF4B-00C04F79EFBC}") = "DVLD_DataAccess", "..\DVLD_DataAccess\DVLD_DataAccess.csproj", "{40E12D9C-98F4-4246-8B02-7EEC49231523}"
EndProject
Project("{2150E333-8FDC-42A3-9474-1A3956D46DE8}") = "Solution Items", "Solution Items", "{0AC074B6-69D9-400E-9860-DF2E768FCF83}"
EndProject
Global
	GlobalSection(SolutionConfigurationPlatforms) = preSolution
		Debug|Any CPU = Debug|Any CPU
		Debug|x64 = Debug|x64
		Debug|x86 = Debug|x86
		Release|Any CPU = Release|Any CPU
		Release|x64 = Release|x64
		Release|x86 = Release|x86
	EndGlobalSection
	GlobalSection(ProjectConfigurationPlatforms) = postSolution
		{E06A9CF0-319D-410C-BEFF-488BB6D4FC8D}.Debug|Any CPU.ActiveCfg = Debug|Any CPU
		{E06A9CF0-319D-410C-BEFF-488BB6D4FC8D}.Debug|Any CPU.Build.0 = Debug|Any CPU
		{E06A9CF0-319D-410C-BEFF-488BB6D4FC8D}.Debug|x64.ActiveCfg = Debug|Any CPU
		{E06A9CF0-319D-410C-BEFF-488BB6D4FC8D}.Debug|x64.Build.0 = Debug|Any CPU
		{E06A9CF0-319D-410C-BEFF-488BB6D4FC8D}.Debug|x86.ActiveCfg = Debug|Any CPU
		{E06A9CF0-319D-410C-BEFF-488BB6D4FC8D}.Debug|x86.Build.0 = Debug|Any CPU
		{E06A9CF0-319D-410C-BEFF-488BB6D4FC8D}.Release|Any CPU.ActiveCfg = Release|Any CPU
		{E06A9CF0-319D-410C-BEFF-488BB6D4FC8D}.Release|Any CPU.Build.0 = Release|Any CPU
		{E06A9CF0-319D-410C-BEFF-488BB6D4FC8D}.Release|x64.ActiveCfg = Release|Any CPU
		{E06A9CF0-319D-410C-BEFF-488BB6D4FC8D}.Release|x64.Build.0 = Release|Any CPU
		{E06A9CF0-319D-410C-BEFF-488BB6D4FC8D}.Release|x86.ActiveCfg = Release|Any CPU
		{E06A9CF0-319D-410C-BEFF-488BB6D4FC8D}.Release|x86.Build.0 = Release|Any CPU
		{087D349D-61FB-491B-99C3-741E953D811E}.Debug|Any CPU.ActiveCfg = Debug|Any CPU
		{087D349D-61FB-491B-99C3-741E953D811E}.Debug|Any CPU.Build.0 = Debug|Any CPU
		{087D349D-61FB-491B-99C3-741E953D811E}.Debug|x64.ActiveCfg = Debug|Any CPU
		{087D349D-61FB-491B-99C3-741E953D811E}.Debug|x64.Build.0 = Debug|Any CPU
		{087D349D-61FB-491B-99C3-741E953D811E}.Debug|x86.ActiveCfg = Debug|Any CPU
		{087D349D-61FB-491B-99C3-741E953D811E}.Debug|x86.Build.0 = Debug|Any CPU
		{087D349D-61FB-491B-99C3-741E953D811E}.Release|Any CPU.ActiveCfg = Release|Any CPU
		{087D349D-61FB-491B-99C3-741E953D811E}.Release|Any CPU.Build.0 = Release|Any CPU
		{087D349D-61FB-491B-99C3-741E953D811E}.Release|x64.ActiveCfg = Release|Any CPU
		{087D349D-61FB-491B-99C3-741E953D811E}.Release|x64.Build.0 = Release|Any CPU
		{087D349D-61FB-491B-99C3-741E953D811E}.Release|x86.ActiveCfg = Release|Any CPU
		{087D349D-61FB-491B-99C3-741E953D811E}.Release|x86.Build.0 = Release|Any CPU
		{40E12D9C-98F4-4246-8B02-7EEC49231523}.Debug|Any CPU.ActiveCfg = Debug|Any CPU
		{40E12D9C-98F4-4246-8B02-7EEC49231523}.Debug|Any CPU.Build.0 = Debug|Any CPU
		{40E12D9C-98F4-4246-8B02-7EEC49231523}.Debug|x64.ActiveCfg = Debug|Any CPU
		{40E12D9C-98F4-4246-8B02-7EEC49231523}.Debug|x64.Build.0 = Debug|Any CPU
		{40E12D9C-98F4-4246-8B02-7EEC49231523}.Debug|x86.ActiveCfg = Debug|Any CPU
		{40E12D9C-98F4-4246-8B02-7EEC49231523}.Debug|x86.Build.0 = Debug|Any CPU
		{40E12D9C-98F4-4246-8B02-7EEC49231523}.Release|Any CPU.ActiveCfg = Release|Any CPU
		{40E12D9C-98F4-4246-8B02-7EEC49231523}.Release|Any CPU.Build.0 = Release|Any CPU
		{40E12D9C-98F4-4246-8B02-7EEC49231523}.Release|x64.ActiveCfg = Release|Any CPU
		{40E12D9C-98F4-4246-8B02-7EEC49231523}.Release|x64.Build.0 = Release|Any CPU
		{40E12D9C-98F4-4246-8B02-7EEC49231523}.Release|x86.ActiveCfg = Release|Any CPU
		{40E12D9C-98F4-4246-8B02-7EEC49231523}.Release|x86.Build.0 = Release|Any CPU
	EndGlobalSection
	GlobalSection(SolutionProperties) = preSolution
		HideSolutionNode = FALSE
	EndGlobalSection
	GlobalSection(ExtensibilityGlobals) = postSolution
		SolutionGuid = {523BEA20-3715-4F6A-BA53-7E2645DE1473}
	EndGlobalSection
EndGlobal
